# This file is @generated by PDM.
# It is not intended for manual editing.

[[package]]
name = "pep440-rs"
version = "0.3.11"
summary = "A library for python version numbers and specifiers, implementing PEP 440"

[metadata]
lock_version = "4.2"
cross_platform = true
groups = ["default", "types"]
content_hash = "sha256:ba146e6e0a79b596df122f70bc8aad1b1589758eadb73822fde33430bf951942"

[metadata.files]
"pep440-rs 0.3.11" = [
    {url = "https://files.pythonhosted.org/packages/17/57/da4b349fb7c9f9f39b8ee3b8c065ab56b67aca3cea063c00ce19be1a9df6/pep440_rs-0.3.11-cp37-abi3-musllinux_1_2_i686.whl", hash = "sha256:7539db61560e7578efb9bd6f8a8954d7c7d236ae42ca729bb559b7b5c141da83"},
    {url = "https://files.pythonhosted.org/packages/18/d0/ee79d1ec0dcfebb466575a752d72030c4f6e44d20f9d56357524c48bf788/pep440_rs-0.3.11-cp37-abi3-manylinux_2_17_ppc64le.manylinux2014_ppc64le.whl", hash = "sha256:59d1323fe405a3bbffb6421e7b76e6530ad0e49386f2efa76fd2c7158d64999c"},
    {url = "https://files.pythonhosted.org/packages/32/d1/aef43c9034aebe473c5797698833b681fac43d8d1290ee9d5f906b38cb6b/pep440_rs-0.3.11-cp37-abi3-win_amd64.whl", hash = "sha256:616e09673ad217776583ce86de8da32f507c38dd6f8b39baaf8e10923d75bc82"},
    {url = "https://files.pythonhosted.org/packages/54/66/4f50aa37c14a772052062f1fa0243ba3a7bd7115eee6e1b10b13148dfbea/pep440_rs-0.3.11-cp37-abi3-macosx_10_9_x86_64.macosx_11_0_arm64.macosx_10_9_universal2.whl", hash = "sha256:a1e42f1b2cbcf12da7adb4a5667d91c186e839c27cce36597a3704c91a8bf8d4"},
    {url = "https://files.pythonhosted.org/packages/5e/b0/80f0b3ec46db01da1c424124d0803805e7c05808245a7c0c0d18f2e5e032/pep440_rs-0.3.11-cp37-abi3-manylinux_2_17_aarch64.manylinux2014_aarch64.whl", hash = "sha256:7ae1b494c6f32bc20fc88fc614d4693a1079149b92e9833aab77b13fa754e984"},
    {url = "https://files.pythonhosted.org/packages/6b/52/f7d67ad28136775d21963183d5f25556ee481d100a2a80b362659b99d213/pep440_rs-0.3.11-cp37-abi3-manylinux_2_17_armv7l.manylinux2014_armv7l.whl", hash = "sha256:bb28d4591de377d3fe4818c0ce501f046406bd9aafee6cdc7964d655f04bb3c3"},
    {url = "https://files.pythonhosted.org/packages/7b/c5/bd3dd8c8b1f6aa651cd2e67feb4b3e7f0051eec091ca95855a2d1ebe2cab/pep440_rs-0.3.11-cp37-abi3-musllinux_1_2_x86_64.whl", hash = "sha256:5fb8db6b40b5a74c1d6522b6602a9a31a2d7e66129e830c392598bb140dd8566"},
    {url = "https://files.pythonhosted.org/packages/94/aa/e074b4537c5dc0a9110ec4f26fd1db22e7104f8430e776fc4fadce760a13/pep440_rs-0.3.11-cp37-abi3-manylinux_2_17_ppc64.manylinux2014_ppc64.whl", hash = "sha256:d3d614e22baa586ab2d2a0e3f3900609f5a13721e404def3a07692cc8c9aded3"},
    {url = "https://files.pythonhosted.org/packages/ae/3e/35f93382c37c89d263ea8ac3263f705fe583fe39a834164521a2412cf5e0/pep440_rs-0.3.11-cp37-abi3-musllinux_1_2_aarch64.whl", hash = "sha256:2a4dcb2ee6d231fd50456a85a7704b86e733962db864420846d738b4cc34d075"},
    {url = "https://files.pythonhosted.org/packages/b2/05/1e13edf92e3754c46643d86bbc7c64e3f5d7b9d106f4282f948ba1cfe032/pep440_rs-0.3.11-cp37-abi3-manylinux_2_17_s390x.manylinux2014_s390x.whl", hash = "sha256:dcc8991fc5792e3d0ed688cc89ffe142c9a5f7163dc372d701a5fab8e1db3ecc"},
    {url = "https://files.pythonhosted.org/packages/da/19/7e3a2847a4f2f96218230e380f15a93e89fef5762115f8ecee40e10e85d2/pep440_rs-0.3.11-cp37-abi3-manylinux_2_34_x86_64.whl", hash = "sha256:73e1ded247bf4660c2317ecfe2888863db30c846c1f96f40251a1c15ee93be46"},
    {url = "https://files.pythonhosted.org/packages/da/5a/ebd7e6393813f18ab52bd747266fe132ec5c73f9722769c147ed9d7a5eeb/pep440_rs-0.3.11-cp37-abi3-musllinux_1_2_armv7l.whl", hash = "sha256:514ed3ff9fb38961d4971d1380bfbc442e1d227800d57c48ff65a2ad837f54a9"},
    {url = "https://files.pythonhosted.org/packages/f3/ad/5dbfa0512589d7bfc498623fec85a0cf959a4bdac1fdc5101dbdf97a3d0f/pep440_rs-0.3.11-cp37-abi3-macosx_10_7_x86_64.whl", hash = "sha256:05404c5f7d4eb198d4c5eb1b4d8a826035c2cf880355c418d0790946f28d50cd"},
    {url = "https://files.pythonhosted.org/packages/ff/4c/4ff2ddda7b3095d85d1bb3a2e8ee9baea6a9fe915f42664c57c6ccab0b13/pep440_rs-0.3.11.tar.gz", hash = "sha256:609b58b3b44a2ee931e830016ad2eb49903a982141d778dc32c65c923d73aa2f"},
]
